// !$*UTF8*$!
{
	archiveVersion = 1;
	classes = {
	};
	objectVersion = 55;
	objects = {

/* Begin PBXBuildFile section */
		4816D503287FA34700DC4B52 /* PMDirectMessage.m in Sources */ = {isa = PBXBuildFile; fileRef = 4816D502287FA34700DC4B52 /* PMDirectMessage.m */; };
		4816D5062880875900DC4B52 /* PMConversationViewController.m in Sources */ = {isa = PBXBuildFile; fileRef = 4816D5052880875900DC4B52 /* PMConversationViewController.m */; };
		4876A9812882262400C175B8 /* PMDisplayConversationsCell.m in Sources */ = {isa = PBXBuildFile; fileRef = 4876A9802882262400C175B8 /* PMDisplayConversationsCell.m */; };
		4876A984288226E800C175B8 /* PMDisplayConversationsViewController.m in Sources */ = {isa = PBXBuildFile; fileRef = 4876A983288226E800C175B8 /* PMDisplayConversationsViewController.m */; };
		487D95B3288099C10026C1E5 /* PMDMCell.m in Sources */ = {isa = PBXBuildFile; fileRef = 487D95B2288099C10026C1E5 /* PMDMCell.m */; };
		487D95B62880A3710026C1E5 /* PMConversation.m in Sources */ = {isa = PBXBuildFile; fileRef = 487D95B52880A3710026C1E5 /* PMConversation.m */; };
		4882CF73287656720099EE62 /* Post.m in Sources */ = {isa = PBXBuildFile; fileRef = 4882CF72287656720099EE62 /* Post.m */; };
		4882CF7628777CFB0099EE62 /* PMPostCell.m in Sources */ = {isa = PBXBuildFile; fileRef = 4882CF7528777CFB0099EE62 /* PMPostCell.m */; };
		4882CF7828777DF70099EE62 /* CoreLocation.framework in Frameworks */ = {isa = PBXBuildFile; fileRef = 4882CF7728777DF70099EE62 /* CoreLocation.framework */; };
		4882CF7B2877A5D80099EE62 /* PMDetailsViewController.m in Sources */ = {isa = PBXBuildFile; fileRef = 4882CF7A2877A5D80099EE62 /* PMDetailsViewController.m */; };
		4882CF7E2878D68B0099EE62 /* PMPickerViewController.m in Sources */ = {isa = PBXBuildFile; fileRef = 4882CF7D2878D68B0099EE62 /* PMPickerViewController.m */; };
		4882CF812878ECF00099EE62 /* PMEmbedTableViewController.m in Sources */ = {isa = PBXBuildFile; fileRef = 4882CF802878ECF00099EE62 /* PMEmbedTableViewController.m */; };
		4893E2E5287F8B7700535CAE /* Pods_PickMeUp.framework in Frameworks */ = {isa = PBXBuildFile; fileRef = E77A5FC69CE5913415DF004A /* Pods_PickMeUp.framework */; };
		4893E2E9287F8BA200535CAE /* Pods_PickMeUp.framework in Frameworks */ = {isa = PBXBuildFile; fileRef = 4893E2E8287F8BA200535CAE /* Pods_PickMeUp.framework */; };
		48ACE4C92874A6D0000EA3B6 /* AppDelegate.m in Sources */ = {isa = PBXBuildFile; fileRef = 48ACE4C82874A6D0000EA3B6 /* AppDelegate.m */; };
		48ACE4CC2874A6D0000EA3B6 /* SceneDelegate.m in Sources */ = {isa = PBXBuildFile; fileRef = 48ACE4CB2874A6D0000EA3B6 /* SceneDelegate.m */; };
		48ACE4D22874A6D0000EA3B6 /* Main.storyboard in Resources */ = {isa = PBXBuildFile; fileRef = 48ACE4D02874A6D0000EA3B6 /* Main.storyboard */; };
		48ACE4D42874A6D1000EA3B6 /* Assets.xcassets in Resources */ = {isa = PBXBuildFile; fileRef = 48ACE4D32874A6D1000EA3B6 /* Assets.xcassets */; };
		48ACE4D72874A6D1000EA3B6 /* LaunchScreen.storyboard in Resources */ = {isa = PBXBuildFile; fileRef = 48ACE4D52874A6D1000EA3B6 /* LaunchScreen.storyboard */; };
		48ACE4DA2874A6D1000EA3B6 /* main.m in Sources */ = {isa = PBXBuildFile; fileRef = 48ACE4D92874A6D1000EA3B6 /* main.m */; };
		48ACE4E42874A6D1000EA3B6 /* PickMeUpTests.m in Sources */ = {isa = PBXBuildFile; fileRef = 48ACE4E32874A6D1000EA3B6 /* PickMeUpTests.m */; };
		48ACE4EE2874A6D1000EA3B6 /* PickMeUpUITests.m in Sources */ = {isa = PBXBuildFile; fileRef = 48ACE4ED2874A6D1000EA3B6 /* PickMeUpUITests.m */; };
		48ACE4F02874A6D1000EA3B6 /* PickMeUpUITestsLaunchTests.m in Sources */ = {isa = PBXBuildFile; fileRef = 48ACE4EF2874A6D1000EA3B6 /* PickMeUpUITestsLaunchTests.m */; };
		48ACE5022874AFA4000EA3B6 /* PMLoginViewController.m in Sources */ = {isa = PBXBuildFile; fileRef = 48ACE5012874AFA4000EA3B6 /* PMLoginViewController.m */; };
		48ACE5062874B223000EA3B6 /* PMSignUpViewController.m in Sources */ = {isa = PBXBuildFile; fileRef = 48ACE5052874B223000EA3B6 /* PMSignUpViewController.m */; };
		48ACE5092874B92C000EA3B6 /* PMSearchViewController.m in Sources */ = {isa = PBXBuildFile; fileRef = 48ACE5082874B92C000EA3B6 /* PMSearchViewController.m */; };
		48ACE50C2874C195000EA3B6 /* PMResultsViewController.m in Sources */ = {isa = PBXBuildFile; fileRef = 48ACE50B2874C195000EA3B6 /* PMResultsViewController.m */; };
		48ACE50E2874D278000EA3B6 /* keys.plist in Resources */ = {isa = PBXBuildFile; fileRef = 48ACE50D2874D278000EA3B6 /* keys.plist */; };
		48ACE5112874FBC9000EA3B6 /* PMMyPostsViewController.m in Sources */ = {isa = PBXBuildFile; fileRef = 48ACE5102874FBC9000EA3B6 /* PMMyPostsViewController.m */; };
		48ACE514287609C7000EA3B6 /* PMCreatePostViewController.m in Sources */ = {isa = PBXBuildFile; fileRef = 48ACE513287609C7000EA3B6 /* PMCreatePostViewController.m */; };
		48BB822D287F2F8E00080921 /* PMMapViewController.m in Sources */ = {isa = PBXBuildFile; fileRef = 48BB822C287F2F8E00080921 /* PMMapViewController.m */; };
		889EE02CA476285214F0B75F /* Pods_PickMeUpTests.framework in Frameworks */ = {isa = PBXBuildFile; fileRef = C10D13E7B68224C7123485B4 /* Pods_PickMeUpTests.framework */; };
		B128B00FA7BB615AC958543B /* Pods_PickMeUp_PickMeUpUITests.framework in Frameworks */ = {isa = PBXBuildFile; fileRef = 7CF5165235E0305F33865230 /* Pods_PickMeUp_PickMeUpUITests.framework */; };
/* End PBXBuildFile section */

/* Begin PBXContainerItemProxy section */
		48ACE4E02874A6D1000EA3B6 /* PBXContainerItemProxy */ = {
			isa = PBXContainerItemProxy;
			containerPortal = 48ACE4BC2874A6D0000EA3B6 /* Project object */;
			proxyType = 1;
			remoteGlobalIDString = 48ACE4C32874A6D0000EA3B6;
			remoteInfo = PickMeUp;
		};
		48ACE4EA2874A6D1000EA3B6 /* PBXContainerItemProxy */ = {
			isa = PBXContainerItemProxy;
			containerPortal = 48ACE4BC2874A6D0000EA3B6 /* Project object */;
			proxyType = 1;
			remoteGlobalIDString = 48ACE4C32874A6D0000EA3B6;
			remoteInfo = PickMeUp;
		};
/* End PBXContainerItemProxy section */

/* Begin PBXFileReference section */
		22E4ED2B143D2657D97A8A51 /* Pods-PickMeUpTests.release.xcconfig */ = {isa = PBXFileReference; includeInIndex = 1; lastKnownFileType = text.xcconfig; name = "Pods-PickMeUpTests.release.xcconfig"; path = "Target Support Files/Pods-PickMeUpTests/Pods-PickMeUpTests.release.xcconfig"; sourceTree = "<group>"; };
		2BA6570351DC1D9483337B83 /* Pods-PickMeUpTests.debug.xcconfig */ = {isa = PBXFileReference; includeInIndex = 1; lastKnownFileType = text.xcconfig; name = "Pods-PickMeUpTests.debug.xcconfig"; path = "Target Support Files/Pods-PickMeUpTests/Pods-PickMeUpTests.debug.xcconfig"; sourceTree = "<group>"; };
		4816D501287FA34700DC4B52 /* PMDirectMessage.h */ = {isa = PBXFileReference; lastKnownFileType = sourcecode.c.h; path = PMDirectMessage.h; sourceTree = "<group>"; };
		4816D502287FA34700DC4B52 /* PMDirectMessage.m */ = {isa = PBXFileReference; lastKnownFileType = sourcecode.c.objc; path = PMDirectMessage.m; sourceTree = "<group>"; };
		4816D5042880875900DC4B52 /* PMConversationViewController.h */ = {isa = PBXFileReference; lastKnownFileType = sourcecode.c.h; name = PMConversationViewController.h; path = "PickMeUp/viewControllers/DM Features/PMConversationViewController.h"; sourceTree = SOURCE_ROOT; };
		4816D5052880875900DC4B52 /* PMConversationViewController.m */ = {isa = PBXFileReference; lastKnownFileType = sourcecode.c.objc; name = PMConversationViewController.m; path = "PickMeUp/viewControllers/DM Features/PMConversationViewController.m"; sourceTree = SOURCE_ROOT; };
		4876A97F2882262400C175B8 /* PMDisplayConversationsCell.h */ = {isa = PBXFileReference; lastKnownFileType = sourcecode.c.h; path = PMDisplayConversationsCell.h; sourceTree = "<group>"; };
		4876A9802882262400C175B8 /* PMDisplayConversationsCell.m */ = {isa = PBXFileReference; lastKnownFileType = sourcecode.c.objc; path = PMDisplayConversationsCell.m; sourceTree = "<group>"; };
		4876A982288226E800C175B8 /* PMDisplayConversationsViewController.h */ = {isa = PBXFileReference; lastKnownFileType = sourcecode.c.h; name = PMDisplayConversationsViewController.h; path = "PickMeUp/viewControllers/DM Features/PMDisplayConversationsViewController.h"; sourceTree = SOURCE_ROOT; };
		4876A983288226E800C175B8 /* PMDisplayConversationsViewController.m */ = {isa = PBXFileReference; lastKnownFileType = sourcecode.c.objc; name = PMDisplayConversationsViewController.m; path = "PickMeUp/viewControllers/DM Features/PMDisplayConversationsViewController.m"; sourceTree = SOURCE_ROOT; };
		487D95B1288099C10026C1E5 /* PMDMCell.h */ = {isa = PBXFileReference; lastKnownFileType = sourcecode.c.h; name = PMDMCell.h; path = PickMeUp/Cells/PMDMCell.h; sourceTree = SOURCE_ROOT; };
		487D95B2288099C10026C1E5 /* PMDMCell.m */ = {isa = PBXFileReference; lastKnownFileType = sourcecode.c.objc; name = PMDMCell.m; path = PickMeUp/Cells/PMDMCell.m; sourceTree = SOURCE_ROOT; };
		487D95B42880A3710026C1E5 /* PMConversation.h */ = {isa = PBXFileReference; lastKnownFileType = sourcecode.c.h; path = PMConversation.h; sourceTree = "<group>"; };
		487D95B52880A3710026C1E5 /* PMConversation.m */ = {isa = PBXFileReference; lastKnownFileType = sourcecode.c.objc; path = PMConversation.m; sourceTree = "<group>"; };
		4882CF71287656720099EE62 /* Post.h */ = {isa = PBXFileReference; lastKnownFileType = sourcecode.c.h; path = Post.h; sourceTree = "<group>"; };
		4882CF72287656720099EE62 /* Post.m */ = {isa = PBXFileReference; lastKnownFileType = sourcecode.c.objc; path = Post.m; sourceTree = "<group>"; };
		4882CF7428777CFB0099EE62 /* PMPostCell.h */ = {isa = PBXFileReference; lastKnownFileType = sourcecode.c.h; path = PMPostCell.h; sourceTree = "<group>"; };
		4882CF7528777CFB0099EE62 /* PMPostCell.m */ = {isa = PBXFileReference; lastKnownFileType = sourcecode.c.objc; path = PMPostCell.m; sourceTree = "<group>"; };
		4882CF7728777DF70099EE62 /* CoreLocation.framework */ = {isa = PBXFileReference; lastKnownFileType = wrapper.framework; name = CoreLocation.framework; path = System/Library/Frameworks/CoreLocation.framework; sourceTree = SDKROOT; };
		4882CF792877A5D80099EE62 /* PMDetailsViewController.h */ = {isa = PBXFileReference; lastKnownFileType = sourcecode.c.h; name = PMDetailsViewController.h; path = "PickMeUp/viewControllers/Search features/PMDetailsViewController.h"; sourceTree = SOURCE_ROOT; };
		4882CF7A2877A5D80099EE62 /* PMDetailsViewController.m */ = {isa = PBXFileReference; lastKnownFileType = sourcecode.c.objc; name = PMDetailsViewController.m; path = "PickMeUp/viewControllers/Search features/PMDetailsViewController.m"; sourceTree = SOURCE_ROOT; };
		4882CF7C2878D68B0099EE62 /* PMPickerViewController.h */ = {isa = PBXFileReference; lastKnownFileType = sourcecode.c.h; name = PMPickerViewController.h; path = PickMeUp/PMPickerViewController.h; sourceTree = SOURCE_ROOT; };
		4882CF7D2878D68B0099EE62 /* PMPickerViewController.m */ = {isa = PBXFileReference; lastKnownFileType = sourcecode.c.objc; name = PMPickerViewController.m; path = PickMeUp/PMPickerViewController.m; sourceTree = SOURCE_ROOT; };
		4882CF7F2878ECF00099EE62 /* PMEmbedTableViewController.h */ = {isa = PBXFileReference; lastKnownFileType = sourcecode.c.h; name = PMEmbedTableViewController.h; path = PickMeUp/PMEmbedTableViewController.h; sourceTree = SOURCE_ROOT; };
		4882CF802878ECF00099EE62 /* PMEmbedTableViewController.m */ = {isa = PBXFileReference; lastKnownFileType = sourcecode.c.objc; name = PMEmbedTableViewController.m; path = PickMeUp/PMEmbedTableViewController.m; sourceTree = SOURCE_ROOT; };
		4882CF82287C91120099EE62 /* MapKit.framework */ = {isa = PBXFileReference; lastKnownFileType = wrapper.framework; name = MapKit.framework; path = System/Library/Frameworks/MapKit.framework; sourceTree = SDKROOT; };
		4893E2E8287F8BA200535CAE /* Pods_PickMeUp.framework */ = {isa = PBXFileReference; explicitFileType = wrapper.framework; path = Pods_PickMeUp.framework; sourceTree = BUILT_PRODUCTS_DIR; };
		48ACE4C42874A6D0000EA3B6 /* PickMeUp.app */ = {isa = PBXFileReference; explicitFileType = wrapper.application; includeInIndex = 0; path = PickMeUp.app; sourceTree = BUILT_PRODUCTS_DIR; };
		48ACE4C72874A6D0000EA3B6 /* AppDelegate.h */ = {isa = PBXFileReference; lastKnownFileType = sourcecode.c.h; path = AppDelegate.h; sourceTree = "<group>"; };
		48ACE4C82874A6D0000EA3B6 /* AppDelegate.m */ = {isa = PBXFileReference; lastKnownFileType = sourcecode.c.objc; path = AppDelegate.m; sourceTree = "<group>"; };
		48ACE4CA2874A6D0000EA3B6 /* SceneDelegate.h */ = {isa = PBXFileReference; lastKnownFileType = sourcecode.c.h; path = SceneDelegate.h; sourceTree = "<group>"; };
		48ACE4CB2874A6D0000EA3B6 /* SceneDelegate.m */ = {isa = PBXFileReference; lastKnownFileType = sourcecode.c.objc; path = SceneDelegate.m; sourceTree = "<group>"; };
		48ACE4D12874A6D0000EA3B6 /* Base */ = {isa = PBXFileReference; lastKnownFileType = file.storyboard; name = Base; path = Base.lproj/Main.storyboard; sourceTree = "<group>"; };
		48ACE4D32874A6D1000EA3B6 /* Assets.xcassets */ = {isa = PBXFileReference; lastKnownFileType = folder.assetcatalog; path = Assets.xcassets; sourceTree = "<group>"; };
		48ACE4D62874A6D1000EA3B6 /* Base */ = {isa = PBXFileReference; lastKnownFileType = file.storyboard; name = Base; path = Base.lproj/LaunchScreen.storyboard; sourceTree = "<group>"; };
		48ACE4D82874A6D1000EA3B6 /* Info.plist */ = {isa = PBXFileReference; lastKnownFileType = text.plist.xml; path = Info.plist; sourceTree = "<group>"; };
		48ACE4D92874A6D1000EA3B6 /* main.m */ = {isa = PBXFileReference; lastKnownFileType = sourcecode.c.objc; path = main.m; sourceTree = "<group>"; };
		48ACE4DF2874A6D1000EA3B6 /* PickMeUpTests.xctest */ = {isa = PBXFileReference; explicitFileType = wrapper.cfbundle; includeInIndex = 0; path = PickMeUpTests.xctest; sourceTree = BUILT_PRODUCTS_DIR; };
		48ACE4E32874A6D1000EA3B6 /* PickMeUpTests.m */ = {isa = PBXFileReference; lastKnownFileType = sourcecode.c.objc; path = PickMeUpTests.m; sourceTree = "<group>"; };
		48ACE4E92874A6D1000EA3B6 /* PickMeUpUITests.xctest */ = {isa = PBXFileReference; explicitFileType = wrapper.cfbundle; includeInIndex = 0; path = PickMeUpUITests.xctest; sourceTree = BUILT_PRODUCTS_DIR; };
		48ACE4ED2874A6D1000EA3B6 /* PickMeUpUITests.m */ = {isa = PBXFileReference; lastKnownFileType = sourcecode.c.objc; path = PickMeUpUITests.m; sourceTree = "<group>"; };
		48ACE4EF2874A6D1000EA3B6 /* PickMeUpUITestsLaunchTests.m */ = {isa = PBXFileReference; lastKnownFileType = sourcecode.c.objc; path = PickMeUpUITestsLaunchTests.m; sourceTree = "<group>"; };
		48ACE5002874AFA4000EA3B6 /* PMLoginViewController.h */ = {isa = PBXFileReference; lastKnownFileType = sourcecode.c.h; name = PMLoginViewController.h; path = PickMeUp/viewControllers/UserAuth/PMLoginViewController.h; sourceTree = SOURCE_ROOT; };
		48ACE5012874AFA4000EA3B6 /* PMLoginViewController.m */ = {isa = PBXFileReference; lastKnownFileType = sourcecode.c.objc; name = PMLoginViewController.m; path = PickMeUp/viewControllers/UserAuth/PMLoginViewController.m; sourceTree = SOURCE_ROOT; };
		48ACE5032874B188000EA3B6 /* StringsList.h */ = {isa = PBXFileReference; lastKnownFileType = sourcecode.c.h; path = StringsList.h; sourceTree = "<group>"; };
		48ACE5042874B223000EA3B6 /* PMSignUpViewController.h */ = {isa = PBXFileReference; lastKnownFileType = sourcecode.c.h; name = PMSignUpViewController.h; path = PickMeUp/viewControllers/UserAuth/PMSignUpViewController.h; sourceTree = SOURCE_ROOT; };
		48ACE5052874B223000EA3B6 /* PMSignUpViewController.m */ = {isa = PBXFileReference; lastKnownFileType = sourcecode.c.objc; name = PMSignUpViewController.m; path = PickMeUp/viewControllers/UserAuth/PMSignUpViewController.m; sourceTree = SOURCE_ROOT; };
		48ACE5072874B92C000EA3B6 /* PMSearchViewController.h */ = {isa = PBXFileReference; lastKnownFileType = sourcecode.c.h; name = PMSearchViewController.h; path = "PickMeUp/viewControllers/Search features/PMSearchViewController.h"; sourceTree = SOURCE_ROOT; };
		48ACE5082874B92C000EA3B6 /* PMSearchViewController.m */ = {isa = PBXFileReference; lastKnownFileType = sourcecode.c.objc; name = PMSearchViewController.m; path = "PickMeUp/viewControllers/Search features/PMSearchViewController.m"; sourceTree = SOURCE_ROOT; };
		48ACE50A2874C195000EA3B6 /* PMResultsViewController.h */ = {isa = PBXFileReference; lastKnownFileType = sourcecode.c.h; name = PMResultsViewController.h; path = "PickMeUp/viewControllers/Search features/PMResultsViewController.h"; sourceTree = SOURCE_ROOT; };
		48ACE50B2874C195000EA3B6 /* PMResultsViewController.m */ = {isa = PBXFileReference; lastKnownFileType = sourcecode.c.objc; name = PMResultsViewController.m; path = "PickMeUp/viewControllers/Search features/PMResultsViewController.m"; sourceTree = SOURCE_ROOT; };
		48ACE50D2874D278000EA3B6 /* keys.plist */ = {isa = PBXFileReference; lastKnownFileType = text.plist.xml; path = keys.plist; sourceTree = "<group>"; };
		48ACE50F2874FBC9000EA3B6 /* PMMyPostsViewController.h */ = {isa = PBXFileReference; lastKnownFileType = sourcecode.c.h; name = PMMyPostsViewController.h; path = "PickMeUp/viewControllers/Posting features/PMMyPostsViewController.h"; sourceTree = SOURCE_ROOT; };
		48ACE5102874FBC9000EA3B6 /* PMMyPostsViewController.m */ = {isa = PBXFileReference; lastKnownFileType = sourcecode.c.objc; name = PMMyPostsViewController.m; path = "PickMeUp/viewControllers/Posting features/PMMyPostsViewController.m"; sourceTree = SOURCE_ROOT; };
		48ACE512287609C7000EA3B6 /* PMCreatePostViewController.h */ = {isa = PBXFileReference; lastKnownFileType = sourcecode.c.h; name = PMCreatePostViewController.h; path = "PickMeUp/viewControllers/Posting features/PMCreatePostViewController.h"; sourceTree = SOURCE_ROOT; };
		48ACE513287609C7000EA3B6 /* PMCreatePostViewController.m */ = {isa = PBXFileReference; lastKnownFileType = sourcecode.c.objc; name = PMCreatePostViewController.m; path = "PickMeUp/viewControllers/Posting features/PMCreatePostViewController.m"; sourceTree = SOURCE_ROOT; };
		48BB822B287F2F8E00080921 /* PMMapViewController.h */ = {isa = PBXFileReference; lastKnownFileType = sourcecode.c.h; name = PMMapViewController.h; path = "PickMeUp/viewControllers/Search features/PMMapViewController.h"; sourceTree = SOURCE_ROOT; };
		48BB822C287F2F8E00080921 /* PMMapViewController.m */ = {isa = PBXFileReference; lastKnownFileType = sourcecode.c.objc; name = PMMapViewController.m; path = "PickMeUp/viewControllers/Search features/PMMapViewController.m"; sourceTree = SOURCE_ROOT; };
		56F76856AA2E9B6361153581 /* Pods-PickMeUp-PickMeUpUITests.debug.xcconfig */ = {isa = PBXFileReference; includeInIndex = 1; lastKnownFileType = text.xcconfig; name = "Pods-PickMeUp-PickMeUpUITests.debug.xcconfig"; path = "Target Support Files/Pods-PickMeUp-PickMeUpUITests/Pods-PickMeUp-PickMeUpUITests.debug.xcconfig"; sourceTree = "<group>"; };
		7CF5165235E0305F33865230 /* Pods_PickMeUp_PickMeUpUITests.framework */ = {isa = PBXFileReference; explicitFileType = wrapper.framework; includeInIndex = 0; path = Pods_PickMeUp_PickMeUpUITests.framework; sourceTree = BUILT_PRODUCTS_DIR; };
		91FB73F559218DF458F9390A /* Pods-PickMeUp.release.xcconfig */ = {isa = PBXFileReference; includeInIndex = 1; lastKnownFileType = text.xcconfig; name = "Pods-PickMeUp.release.xcconfig"; path = "Target Support Files/Pods-PickMeUp/Pods-PickMeUp.release.xcconfig"; sourceTree = "<group>"; };
		99B5E1CB02914B3D8CC13FAD /* Pods-PickMeUp.debug.xcconfig */ = {isa = PBXFileReference; includeInIndex = 1; lastKnownFileType = text.xcconfig; name = "Pods-PickMeUp.debug.xcconfig"; path = "Target Support Files/Pods-PickMeUp/Pods-PickMeUp.debug.xcconfig"; sourceTree = "<group>"; };
		C10D13E7B68224C7123485B4 /* Pods_PickMeUpTests.framework */ = {isa = PBXFileReference; explicitFileType = wrapper.framework; includeInIndex = 0; path = Pods_PickMeUpTests.framework; sourceTree = BUILT_PRODUCTS_DIR; };
		C455CC2AD5ACA71E9FC55983 /* Pods-PickMeUp-PickMeUpUITests.release.xcconfig */ = {isa = PBXFileReference; includeInIndex = 1; lastKnownFileType = text.xcconfig; name = "Pods-PickMeUp-PickMeUpUITests.release.xcconfig"; path = "Target Support Files/Pods-PickMeUp-PickMeUpUITests/Pods-PickMeUp-PickMeUpUITests.release.xcconfig"; sourceTree = "<group>"; };
		E77A5FC69CE5913415DF004A /* Pods_PickMeUp.framework */ = {isa = PBXFileReference; explicitFileType = wrapper.framework; includeInIndex = 0; path = Pods_PickMeUp.framework; sourceTree = BUILT_PRODUCTS_DIR; };
/* End PBXFileReference section */

/* Begin PBXFrameworksBuildPhase section */
		48ACE4C12874A6D0000EA3B6 /* Frameworks */ = {
			isa = PBXFrameworksBuildPhase;
			buildActionMask = 2147483647;
			files = (
				4882CF7828777DF70099EE62 /* CoreLocation.framework in Frameworks */,
				4893E2E5287F8B7700535CAE /* Pods_PickMeUp.framework in Frameworks */,
				4893E2E9287F8BA200535CAE /* Pods_PickMeUp.framework in Frameworks */,
			);
			runOnlyForDeploymentPostprocessing = 0;
		};
		48ACE4DC2874A6D1000EA3B6 /* Frameworks */ = {
			isa = PBXFrameworksBuildPhase;
			buildActionMask = 2147483647;
			files = (
				889EE02CA476285214F0B75F /* Pods_PickMeUpTests.framework in Frameworks */,
			);
			runOnlyForDeploymentPostprocessing = 0;
		};
		48ACE4E62874A6D1000EA3B6 /* Frameworks */ = {
			isa = PBXFrameworksBuildPhase;
			buildActionMask = 2147483647;
			files = (
				B128B00FA7BB615AC958543B /* Pods_PickMeUp_PickMeUpUITests.framework in Frameworks */,
			);
			runOnlyForDeploymentPostprocessing = 0;
		};
/* End PBXFrameworksBuildPhase section */

/* Begin PBXGroup section */
		4876A985288627F900C175B8 /* Cells */ = {
			isa = PBXGroup;
			children = (
				4882CF7428777CFB0099EE62 /* PMPostCell.h */,
				4882CF7528777CFB0099EE62 /* PMPostCell.m */,
				487D95B1288099C10026C1E5 /* PMDMCell.h */,
				487D95B2288099C10026C1E5 /* PMDMCell.m */,
				4876A97F2882262400C175B8 /* PMDisplayConversationsCell.h */,
				4876A9802882262400C175B8 /* PMDisplayConversationsCell.m */,
			);
			path = Cells;
			sourceTree = "<group>";
		};
		4876A9862886284100C175B8 /* Model */ = {
			isa = PBXGroup;
			children = (
				4882CF71287656720099EE62 /* Post.h */,
				4882CF72287656720099EE62 /* Post.m */,
				4816D501287FA34700DC4B52 /* PMDirectMessage.h */,
				4816D502287FA34700DC4B52 /* PMDirectMessage.m */,
				487D95B42880A3710026C1E5 /* PMConversation.h */,
				487D95B52880A3710026C1E5 /* PMConversation.m */,
			);
			path = Model;
			sourceTree = "<group>";
		};
		4876A9872886288000C175B8 /* UserAuth */ = {
			isa = PBXGroup;
			children = (
				48ACE5002874AFA4000EA3B6 /* PMLoginViewController.h */,
				48ACE5012874AFA4000EA3B6 /* PMLoginViewController.m */,
				48ACE5042874B223000EA3B6 /* PMSignUpViewController.h */,
				48ACE5052874B223000EA3B6 /* PMSignUpViewController.m */,
			);
			path = UserAuth;
			sourceTree = "<group>";
		};
		4876A9882886289D00C175B8 /* Search features */ = {
			isa = PBXGroup;
			children = (
				48ACE5072874B92C000EA3B6 /* PMSearchViewController.h */,
				48ACE5082874B92C000EA3B6 /* PMSearchViewController.m */,
				48ACE50A2874C195000EA3B6 /* PMResultsViewController.h */,
				48ACE50B2874C195000EA3B6 /* PMResultsViewController.m */,
				4882CF792877A5D80099EE62 /* PMDetailsViewController.h */,
				4882CF7A2877A5D80099EE62 /* PMDetailsViewController.m */,
				48BB822B287F2F8E00080921 /* PMMapViewController.h */,
				48BB822C287F2F8E00080921 /* PMMapViewController.m */,
			);
			path = "Search features";
			sourceTree = "<group>";
		};
		4876A989288628D000C175B8 /* Posting features */ = {
			isa = PBXGroup;
			children = (
				48ACE50F2874FBC9000EA3B6 /* PMMyPostsViewController.h */,
				48ACE5102874FBC9000EA3B6 /* PMMyPostsViewController.m */,
				48ACE512287609C7000EA3B6 /* PMCreatePostViewController.h */,
				48ACE513287609C7000EA3B6 /* PMCreatePostViewController.m */,
			);
			path = "Posting features";
			sourceTree = "<group>";
		};
		4876A98A288628F400C175B8 /* DM Features */ = {
			isa = PBXGroup;
			children = (
				4816D5042880875900DC4B52 /* PMConversationViewController.h */,
				4816D5052880875900DC4B52 /* PMConversationViewController.m */,
				4876A982288226E800C175B8 /* PMDisplayConversationsViewController.h */,
				4876A983288226E800C175B8 /* PMDisplayConversationsViewController.m */,
			);
			path = "DM Features";
			sourceTree = "<group>";
		};
		48ACE4BB2874A6D0000EA3B6 = {
			isa = PBXGroup;
			children = (
				48ACE4C62874A6D0000EA3B6 /* PickMeUp */,
				48ACE4E22874A6D1000EA3B6 /* PickMeUpTests */,
				48ACE4EC2874A6D1000EA3B6 /* PickMeUpUITests */,
				48ACE4C52874A6D0000EA3B6 /* Products */,
				9EDDD409CA5C897257DBE9DF /* Pods */,
				BF3CE61A14481BFC3D8FC04B /* Frameworks */,
			);
			sourceTree = "<group>";
		};
		48ACE4C52874A6D0000EA3B6 /* Products */ = {
			isa = PBXGroup;
			children = (
				48ACE4C42874A6D0000EA3B6 /* PickMeUp.app */,
				48ACE4DF2874A6D1000EA3B6 /* PickMeUpTests.xctest */,
				48ACE4E92874A6D1000EA3B6 /* PickMeUpUITests.xctest */,
			);
			name = Products;
			sourceTree = "<group>";
		};
		48ACE4C62874A6D0000EA3B6 /* PickMeUp */ = {
			isa = PBXGroup;
			children = (
				4876A9862886284100C175B8 /* Model */,
				4876A985288627F900C175B8 /* Cells */,
				48ACE4FD2874A71B000EA3B6 /* viewControllers */,
				48ACE4FC2874A705000EA3B6 /* delegates */,
				48ACE4D02874A6D0000EA3B6 /* Main.storyboard */,
				48ACE4D32874A6D1000EA3B6 /* Assets.xcassets */,
				48ACE4D52874A6D1000EA3B6 /* LaunchScreen.storyboard */,
				48ACE4D82874A6D1000EA3B6 /* Info.plist */,
				48ACE4D92874A6D1000EA3B6 /* main.m */,
				48ACE50D2874D278000EA3B6 /* keys.plist */,
				48ACE5032874B188000EA3B6 /* StringsList.h */,
			);
			path = PickMeUp;
			sourceTree = "<group>";
		};
		48ACE4E22874A6D1000EA3B6 /* PickMeUpTests */ = {
			isa = PBXGroup;
			children = (
				48ACE4E32874A6D1000EA3B6 /* PickMeUpTests.m */,
			);
			path = PickMeUpTests;
			sourceTree = "<group>";
		};
		48ACE4EC2874A6D1000EA3B6 /* PickMeUpUITests */ = {
			isa = PBXGroup;
			children = (
				48ACE4ED2874A6D1000EA3B6 /* PickMeUpUITests.m */,
				48ACE4EF2874A6D1000EA3B6 /* PickMeUpUITestsLaunchTests.m */,
			);
			path = PickMeUpUITests;
			sourceTree = "<group>";
		};
		48ACE4FC2874A705000EA3B6 /* delegates */ = {
			isa = PBXGroup;
			children = (
				48ACE4C72874A6D0000EA3B6 /* AppDelegate.h */,
				48ACE4C82874A6D0000EA3B6 /* AppDelegate.m */,
				48ACE4CA2874A6D0000EA3B6 /* SceneDelegate.h */,
				48ACE4CB2874A6D0000EA3B6 /* SceneDelegate.m */,
			);
			path = delegates;
			sourceTree = "<group>";
		};
		48ACE4FD2874A71B000EA3B6 /* viewControllers */ = {
			isa = PBXGroup;
			children = (
				4876A98A288628F400C175B8 /* DM Features */,
				4876A989288628D000C175B8 /* Posting features */,
				4876A9872886288000C175B8 /* UserAuth */,
				4876A9882886289D00C175B8 /* Search features */,
				4882CF7C2878D68B0099EE62 /* PMPickerViewController.h */,
				4882CF7D2878D68B0099EE62 /* PMPickerViewController.m */,
				4882CF7F2878ECF00099EE62 /* PMEmbedTableViewController.h */,
				4882CF802878ECF00099EE62 /* PMEmbedTableViewController.m */,
			);
			path = viewControllers;
			sourceTree = "<group>";
		};
		9EDDD409CA5C897257DBE9DF /* Pods */ = {
			isa = PBXGroup;
			children = (
				99B5E1CB02914B3D8CC13FAD /* Pods-PickMeUp.debug.xcconfig */,
				91FB73F559218DF458F9390A /* Pods-PickMeUp.release.xcconfig */,
				56F76856AA2E9B6361153581 /* Pods-PickMeUp-PickMeUpUITests.debug.xcconfig */,
				C455CC2AD5ACA71E9FC55983 /* Pods-PickMeUp-PickMeUpUITests.release.xcconfig */,
				2BA6570351DC1D9483337B83 /* Pods-PickMeUpTests.debug.xcconfig */,
				22E4ED2B143D2657D97A8A51 /* Pods-PickMeUpTests.release.xcconfig */,
			);
			path = Pods;
			sourceTree = "<group>";
		};
		BF3CE61A14481BFC3D8FC04B /* Frameworks */ = {
			isa = PBXGroup;
			children = (
				4893E2E8287F8BA200535CAE /* Pods_PickMeUp.framework */,
				4882CF82287C91120099EE62 /* MapKit.framework */,
				4882CF7728777DF70099EE62 /* CoreLocation.framework */,
				E77A5FC69CE5913415DF004A /* Pods_PickMeUp.framework */,
				7CF5165235E0305F33865230 /* Pods_PickMeUp_PickMeUpUITests.framework */,
				C10D13E7B68224C7123485B4 /* Pods_PickMeUpTests.framework */,
			);
			name = Frameworks;
			sourceTree = "<group>";
		};
/* End PBXGroup section */

/* Begin PBXNativeTarget section */
		48ACE4C32874A6D0000EA3B6 /* PickMeUp */ = {
			isa = PBXNativeTarget;
			buildConfigurationList = 48ACE4F32874A6D1000EA3B6 /* Build configuration list for PBXNativeTarget "PickMeUp" */;
			buildPhases = (
				80A1D28D2127B91EF49E2C17 /* [CP] Check Pods Manifest.lock */,
				48ACE4C02874A6D0000EA3B6 /* Sources */,
				48ACE4C12874A6D0000EA3B6 /* Frameworks */,
				48ACE4C22874A6D0000EA3B6 /* Resources */,
				88FCF9E4C938C6FBE9F11C12 /* [CP] Embed Pods Frameworks */,
				63EC86F2F82CC34705862D7B /* [CP] Copy Pods Resources */,
			);
			buildRules = (
			);
			dependencies = (
			);
			name = PickMeUp;
			productName = PickMeUp;
			productReference = 48ACE4C42874A6D0000EA3B6 /* PickMeUp.app */;
			productType = "com.apple.product-type.application";
		};
		48ACE4DE2874A6D1000EA3B6 /* PickMeUpTests */ = {
			isa = PBXNativeTarget;
			buildConfigurationList = 48ACE4F62874A6D1000EA3B6 /* Build configuration list for PBXNativeTarget "PickMeUpTests" */;
			buildPhases = (
				BF381E7EA5F3362D0D37EE43 /* [CP] Check Pods Manifest.lock */,
				48ACE4DB2874A6D1000EA3B6 /* Sources */,
				48ACE4DC2874A6D1000EA3B6 /* Frameworks */,
				48ACE4DD2874A6D1000EA3B6 /* Resources */,
			);
			buildRules = (
			);
			dependencies = (
				48ACE4E12874A6D1000EA3B6 /* PBXTargetDependency */,
			);
			name = PickMeUpTests;
			productName = PickMeUpTests;
			productReference = 48ACE4DF2874A6D1000EA3B6 /* PickMeUpTests.xctest */;
			productType = "com.apple.product-type.bundle.unit-test";
		};
		48ACE4E82874A6D1000EA3B6 /* PickMeUpUITests */ = {
			isa = PBXNativeTarget;
			buildConfigurationList = 48ACE4F92874A6D1000EA3B6 /* Build configuration list for PBXNativeTarget "PickMeUpUITests" */;
			buildPhases = (
				FA3974FA8865062FC2425E82 /* [CP] Check Pods Manifest.lock */,
				48ACE4E52874A6D1000EA3B6 /* Sources */,
				48ACE4E62874A6D1000EA3B6 /* Frameworks */,
				48ACE4E72874A6D1000EA3B6 /* Resources */,
				A4A7793CE69E86867DF14C65 /* [CP] Embed Pods Frameworks */,
				7459C324E7397217BD959C3A /* [CP] Copy Pods Resources */,
			);
			buildRules = (
			);
			dependencies = (
				48ACE4EB2874A6D1000EA3B6 /* PBXTargetDependency */,
			);
			name = PickMeUpUITests;
			productName = PickMeUpUITests;
			productReference = 48ACE4E92874A6D1000EA3B6 /* PickMeUpUITests.xctest */;
			productType = "com.apple.product-type.bundle.ui-testing";
		};
/* End PBXNativeTarget section */

/* Begin PBXProject section */
		48ACE4BC2874A6D0000EA3B6 /* Project object */ = {
			isa = PBXProject;
			attributes = {
				BuildIndependentTargetsInParallel = 1;
				LastUpgradeCheck = 1340;
				TargetAttributes = {
					48ACE4C32874A6D0000EA3B6 = {
						CreatedOnToolsVersion = 13.4.1;
					};
					48ACE4DE2874A6D1000EA3B6 = {
						CreatedOnToolsVersion = 13.4.1;
						TestTargetID = 48ACE4C32874A6D0000EA3B6;
					};
					48ACE4E82874A6D1000EA3B6 = {
						CreatedOnToolsVersion = 13.4.1;
						TestTargetID = 48ACE4C32874A6D0000EA3B6;
					};
				};
			};
			buildConfigurationList = 48ACE4BF2874A6D0000EA3B6 /* Build configuration list for PBXProject "PickMeUp" */;
			compatibilityVersion = "Xcode 13.0";
			developmentRegion = en;
			hasScannedForEncodings = 0;
			knownRegions = (
				en,
				Base,
			);
			mainGroup = 48ACE4BB2874A6D0000EA3B6;
			productRefGroup = 48ACE4C52874A6D0000EA3B6 /* Products */;
			projectDirPath = "";
			projectRoot = "";
			targets = (
				48ACE4C32874A6D0000EA3B6 /* PickMeUp */,
				48ACE4DE2874A6D1000EA3B6 /* PickMeUpTests */,
				48ACE4E82874A6D1000EA3B6 /* PickMeUpUITests */,
			);
		};
/* End PBXProject section */

/* Begin PBXResourcesBuildPhase section */
		48ACE4C22874A6D0000EA3B6 /* Resources */ = {
			isa = PBXResourcesBuildPhase;
			buildActionMask = 2147483647;
			files = (
				48ACE50E2874D278000EA3B6 /* keys.plist in Resources */,
				48ACE4D72874A6D1000EA3B6 /* LaunchScreen.storyboard in Resources */,
				48ACE4D42874A6D1000EA3B6 /* Assets.xcassets in Resources */,
				48ACE4D22874A6D0000EA3B6 /* Main.storyboard in Resources */,
			);
			runOnlyForDeploymentPostprocessing = 0;
		};
		48ACE4DD2874A6D1000EA3B6 /* Resources */ = {
			isa = PBXResourcesBuildPhase;
			buildActionMask = 2147483647;
			files = (
			);
			runOnlyForDeploymentPostprocessing = 0;
		};
		48ACE4E72874A6D1000EA3B6 /* Resources */ = {
			isa = PBXResourcesBuildPhase;
			buildActionMask = 2147483647;
			files = (
			);
			runOnlyForDeploymentPostprocessing = 0;
		};
/* End PBXResourcesBuildPhase section */

/* Begin PBXShellScriptBuildPhase section */
		63EC86F2F82CC34705862D7B /* [CP] Copy Pods Resources */ = {
			isa = PBXShellScriptBuildPhase;
			buildActionMask = 2147483647;
			files = (
			);
			inputFileListPaths = (
				"${PODS_ROOT}/Target Support Files/Pods-PickMeUp/Pods-PickMeUp-resources-${CONFIGURATION}-input-files.xcfilelist",
			);
			name = "[CP] Copy Pods Resources";
			outputFileListPaths = (
				"${PODS_ROOT}/Target Support Files/Pods-PickMeUp/Pods-PickMeUp-resources-${CONFIGURATION}-output-files.xcfilelist",
			);
			runOnlyForDeploymentPostprocessing = 0;
			shellPath = /bin/sh;
			shellScript = "\"${PODS_ROOT}/Target Support Files/Pods-PickMeUp/Pods-PickMeUp-resources.sh\"\n";
			showEnvVarsInLog = 0;
		};
		7459C324E7397217BD959C3A /* [CP] Copy Pods Resources */ = {
			isa = PBXShellScriptBuildPhase;
			buildActionMask = 2147483647;
			files = (
			);
			inputFileListPaths = (
				"${PODS_ROOT}/Target Support Files/Pods-PickMeUp-PickMeUpUITests/Pods-PickMeUp-PickMeUpUITests-resources-${CONFIGURATION}-input-files.xcfilelist",
			);
			name = "[CP] Copy Pods Resources";
			outputFileListPaths = (
				"${PODS_ROOT}/Target Support Files/Pods-PickMeUp-PickMeUpUITests/Pods-PickMeUp-PickMeUpUITests-resources-${CONFIGURATION}-output-files.xcfilelist",
			);
			runOnlyForDeploymentPostprocessing = 0;
			shellPath = /bin/sh;
			shellScript = "\"${PODS_ROOT}/Target Support Files/Pods-PickMeUp-PickMeUpUITests/Pods-PickMeUp-PickMeUpUITests-resources.sh\"\n";
			showEnvVarsInLog = 0;
		};
		80A1D28D2127B91EF49E2C17 /* [CP] Check Pods Manifest.lock */ = {
			isa = PBXShellScriptBuildPhase;
			buildActionMask = 2147483647;
			files = (
			);
			inputFileListPaths = (
			);
			inputPaths = (
				"${PODS_PODFILE_DIR_PATH}/Podfile.lock",
				"${PODS_ROOT}/Manifest.lock",
			);
			name = "[CP] Check Pods Manifest.lock";
			outputFileListPaths = (
			);
			outputPaths = (
				"$(DERIVED_FILE_DIR)/Pods-PickMeUp-checkManifestLockResult.txt",
			);
			runOnlyForDeploymentPostprocessing = 0;
			shellPath = /bin/sh;
			shellScript = "diff \"${PODS_PODFILE_DIR_PATH}/Podfile.lock\" \"${PODS_ROOT}/Manifest.lock\" > /dev/null\nif [ $? != 0 ] ; then\n    # print error to STDERR\n    echo \"error: The sandbox is not in sync with the Podfile.lock. Run 'pod install' or update your CocoaPods installation.\" >&2\n    exit 1\nfi\n# This output is used by Xcode 'outputs' to avoid re-running this script phase.\necho \"SUCCESS\" > \"${SCRIPT_OUTPUT_FILE_0}\"\n";
			showEnvVarsInLog = 0;
		};
		88FCF9E4C938C6FBE9F11C12 /* [CP] Embed Pods Frameworks */ = {
			isa = PBXShellScriptBuildPhase;
			buildActionMask = 2147483647;
			files = (
			);
			inputFileListPaths = (
				"${PODS_ROOT}/Target Support Files/Pods-PickMeUp/Pods-PickMeUp-frameworks-${CONFIGURATION}-input-files.xcfilelist",
			);
			name = "[CP] Embed Pods Frameworks";
			outputFileListPaths = (
				"${PODS_ROOT}/Target Support Files/Pods-PickMeUp/Pods-PickMeUp-frameworks-${CONFIGURATION}-output-files.xcfilelist",
			);
			runOnlyForDeploymentPostprocessing = 0;
			shellPath = /bin/sh;
			shellScript = "\"${PODS_ROOT}/Target Support Files/Pods-PickMeUp/Pods-PickMeUp-frameworks.sh\"\n";
			showEnvVarsInLog = 0;
		};
		A4A7793CE69E86867DF14C65 /* [CP] Embed Pods Frameworks */ = {
			isa = PBXShellScriptBuildPhase;
			buildActionMask = 2147483647;
			files = (
			);
			inputFileListPaths = (
				"${PODS_ROOT}/Target Support Files/Pods-PickMeUp-PickMeUpUITests/Pods-PickMeUp-PickMeUpUITests-frameworks-${CONFIGURATION}-input-files.xcfilelist",
			);
			name = "[CP] Embed Pods Frameworks";
			outputFileListPaths = (
				"${PODS_ROOT}/Target Support Files/Pods-PickMeUp-PickMeUpUITests/Pods-PickMeUp-PickMeUpUITests-frameworks-${CONFIGURATION}-output-files.xcfilelist",
			);
			runOnlyForDeploymentPostprocessing = 0;
			shellPath = /bin/sh;
			shellScript = "\"${PODS_ROOT}/Target Support Files/Pods-PickMeUp-PickMeUpUITests/Pods-PickMeUp-PickMeUpUITests-frameworks.sh\"\n";
			showEnvVarsInLog = 0;
		};
		BF381E7EA5F3362D0D37EE43 /* [CP] Check Pods Manifest.lock */ = {
			isa = PBXShellScriptBuildPhase;
			buildActionMask = 2147483647;
			files = (
			);
			inputFileListPaths = (
			);
			inputPaths = (
				"${PODS_PODFILE_DIR_PATH}/Podfile.lock",
				"${PODS_ROOT}/Manifest.lock",
			);
			name = "[CP] Check Pods Manifest.lock";
			outputFileListPaths = (
			);
			outputPaths = (
				"$(DERIVED_FILE_DIR)/Pods-PickMeUpTests-checkManifestLockResult.txt",
			);
			runOnlyForDeploymentPostprocessing = 0;
			shellPath = /bin/sh;
			shellScript = "diff \"${PODS_PODFILE_DIR_PATH}/Podfile.lock\" \"${PODS_ROOT}/Manifest.lock\" > /dev/null\nif [ $? != 0 ] ; then\n    # print error to STDERR\n    echo \"error: The sandbox is not in sync with the Podfile.lock. Run 'pod install' or update your CocoaPods installation.\" >&2\n    exit 1\nfi\n# This output is used by Xcode 'outputs' to avoid re-running this script phase.\necho \"SUCCESS\" > \"${SCRIPT_OUTPUT_FILE_0}\"\n";
			showEnvVarsInLog = 0;
		};
		FA3974FA8865062FC2425E82 /* [CP] Check Pods Manifest.lock */ = {
			isa = PBXShellScriptBuildPhase;
			buildActionMask = 2147483647;
			files = (
			);
			inputFileListPaths = (
			);
			inputPaths = (
				"${PODS_PODFILE_DIR_PATH}/Podfile.lock",
				"${PODS_ROOT}/Manifest.lock",
			);
			name = "[CP] Check Pods Manifest.lock";
			outputFileListPaths = (
			);
			outputPaths = (
				"$(DERIVED_FILE_DIR)/Pods-PickMeUp-PickMeUpUITests-checkManifestLockResult.txt",
			);
			runOnlyForDeploymentPostprocessing = 0;
			shellPath = /bin/sh;
			shellScript = "diff \"${PODS_PODFILE_DIR_PATH}/Podfile.lock\" \"${PODS_ROOT}/Manifest.lock\" > /dev/null\nif [ $? != 0 ] ; then\n    # print error to STDERR\n    echo \"error: The sandbox is not in sync with the Podfile.lock. Run 'pod install' or update your CocoaPods installation.\" >&2\n    exit 1\nfi\n# This output is used by Xcode 'outputs' to avoid re-running this script phase.\necho \"SUCCESS\" > \"${SCRIPT_OUTPUT_FILE_0}\"\n";
			showEnvVarsInLog = 0;
		};
/* End PBXShellScriptBuildPhase section */

/* Begin PBXSourcesBuildPhase section */
		48ACE4C02874A6D0000EA3B6 /* Sources */ = {
			isa = PBXSourcesBuildPhase;
			buildActionMask = 2147483647;
			files = (
				48ACE5112874FBC9000EA3B6 /* PMMyPostsViewController.m in Sources */,
				48ACE5022874AFA4000EA3B6 /* PMLoginViewController.m in Sources */,
				48ACE50C2874C195000EA3B6 /* PMResultsViewController.m in Sources */,
				487D95B3288099C10026C1E5 /* PMDMCell.m in Sources */,
				48ACE5062874B223000EA3B6 /* PMSignUpViewController.m in Sources */,
				48ACE4C92874A6D0000EA3B6 /* AppDelegate.m in Sources */,
				4882CF812878ECF00099EE62 /* PMEmbedTableViewController.m in Sources */,
				4882CF7B2877A5D80099EE62 /* PMDetailsViewController.m in Sources */,
				4882CF73287656720099EE62 /* Post.m in Sources */,
				48ACE4DA2874A6D1000EA3B6 /* main.m in Sources */,
				4882CF7E2878D68B0099EE62 /* PMPickerViewController.m in Sources */,
				4816D503287FA34700DC4B52 /* PMDirectMessage.m in Sources */,
				487D95B62880A3710026C1E5 /* PMConversation.m in Sources */,
				4882CF7628777CFB0099EE62 /* PMPostCell.m in Sources */,
				48ACE514287609C7000EA3B6 /* PMCreatePostViewController.m in Sources */,
				48BB822D287F2F8E00080921 /* PMMapViewController.m in Sources */,
				4876A984288226E800C175B8 /* PMDisplayConversationsViewController.m in Sources */,
				4876A9812882262400C175B8 /* PMDisplayConversationsCell.m in Sources */,
				4816D5062880875900DC4B52 /* PMConversationViewController.m in Sources */,
				48ACE5092874B92C000EA3B6 /* PMSearchViewController.m in Sources */,
				48ACE4CC2874A6D0000EA3B6 /* SceneDelegate.m in Sources */,
			);
			runOnlyForDeploymentPostprocessing = 0;
		};
		48ACE4DB2874A6D1000EA3B6 /* Sources */ = {
			isa = PBXSourcesBuildPhase;
			buildActionMask = 2147483647;
			files = (
				48ACE4E42874A6D1000EA3B6 /* PickMeUpTests.m in Sources */,
			);
			runOnlyForDeploymentPostprocessing = 0;
		};
		48ACE4E52874A6D1000EA3B6 /* Sources */ = {
			isa = PBXSourcesBuildPhase;
			buildActionMask = 2147483647;
			files = (
				48ACE4F02874A6D1000EA3B6 /* PickMeUpUITestsLaunchTests.m in Sources */,
				48ACE4EE2874A6D1000EA3B6 /* PickMeUpUITests.m in Sources */,
			);
			runOnlyForDeploymentPostprocessing = 0;
		};
/* End PBXSourcesBuildPhase section */

/* Begin PBXTargetDependency section */
		48ACE4E12874A6D1000EA3B6 /* PBXTargetDependency */ = {
			isa = PBXTargetDependency;
			target = 48ACE4C32874A6D0000EA3B6 /* PickMeUp */;
			targetProxy = 48ACE4E02874A6D1000EA3B6 /* PBXContainerItemProxy */;
		};
		48ACE4EB2874A6D1000EA3B6 /* PBXTargetDependency */ = {
			isa = PBXTargetDependency;
			target = 48ACE4C32874A6D0000EA3B6 /* PickMeUp */;
			targetProxy = 48ACE4EA2874A6D1000EA3B6 /* PBXContainerItemProxy */;
		};
/* End PBXTargetDependency section */

/* Begin PBXVariantGroup section */
		48ACE4D02874A6D0000EA3B6 /* Main.storyboard */ = {
			isa = PBXVariantGroup;
			children = (
				48ACE4D12874A6D0000EA3B6 /* Base */,
			);
			name = Main.storyboard;
			sourceTree = "<group>";
		};
		48ACE4D52874A6D1000EA3B6 /* LaunchScreen.storyboard */ = {
			isa = PBXVariantGroup;
			children = (
				48ACE4D62874A6D1000EA3B6 /* Base */,
			);
			name = LaunchScreen.storyboard;
			sourceTree = "<group>";
		};
/* End PBXVariantGroup section */

/* Begin XCBuildConfiguration section */
		48ACE4F12874A6D1000EA3B6 /* Debug */ = {
			isa = XCBuildConfiguration;
			buildSettings = {
				ALWAYS_SEARCH_USER_PATHS = NO;
				CLANG_ANALYZER_NONNULL = YES;
				CLANG_ANALYZER_NUMBER_OBJECT_CONVERSION = YES_AGGRESSIVE;
				CLANG_CXX_LANGUAGE_STANDARD = "gnu++17";
				CLANG_ENABLE_MODULES = YES;
				CLANG_ENABLE_OBJC_ARC = YES;
				CLANG_ENABLE_OBJC_WEAK = YES;
				CLANG_WARN_BLOCK_CAPTURE_AUTORELEASING = YES;
				CLANG_WARN_BOOL_CONVERSION = YES;
				CLANG_WARN_COMMA = YES;
				CLANG_WARN_CONSTANT_CONVERSION = YES;
				CLANG_WARN_DEPRECATED_OBJC_IMPLEMENTATIONS = YES;
				CLANG_WARN_DIRECT_OBJC_ISA_USAGE = YES_ERROR;
				CLANG_WARN_DOCUMENTATION_COMMENTS = YES;
				CLANG_WARN_EMPTY_BODY = YES;
				CLANG_WARN_ENUM_CONVERSION = YES;
				CLANG_WARN_INFINITE_RECURSION = YES;
				CLANG_WARN_INT_CONVERSION = YES;
				CLANG_WARN_NON_LITERAL_NULL_CONVERSION = YES;
				CLANG_WARN_OBJC_IMPLICIT_RETAIN_SELF = YES;
				CLANG_WARN_OBJC_LITERAL_CONVERSION = YES;
				CLANG_WARN_OBJC_ROOT_CLASS = YES_ERROR;
				CLANG_WARN_QUOTED_INCLUDE_IN_FRAMEWORK_HEADER = YES;
				CLANG_WARN_RANGE_LOOP_ANALYSIS = YES;
				CLANG_WARN_STRICT_PROTOTYPES = YES;
				CLANG_WARN_SUSPICIOUS_MOVE = YES;
				CLANG_WARN_UNGUARDED_AVAILABILITY = YES_AGGRESSIVE;
				CLANG_WARN_UNREACHABLE_CODE = YES;
				CLANG_WARN__DUPLICATE_METHOD_MATCH = YES;
				COPY_PHASE_STRIP = NO;
				DEBUG_INFORMATION_FORMAT = dwarf;
				ENABLE_STRICT_OBJC_MSGSEND = YES;
				ENABLE_TESTABILITY = YES;
				"EXCLUDED_ARCHS[sdk=iphonesimulator*]" = "";
				GCC_C_LANGUAGE_STANDARD = gnu11;
				GCC_DYNAMIC_NO_PIC = NO;
				GCC_NO_COMMON_BLOCKS = YES;
				GCC_OPTIMIZATION_LEVEL = 0;
				GCC_PREPROCESSOR_DEFINITIONS = (
					"DEBUG=1",
					"$(inherited)",
				);
				GCC_WARN_64_TO_32_BIT_CONVERSION = YES;
				GCC_WARN_ABOUT_RETURN_TYPE = YES_ERROR;
				GCC_WARN_UNDECLARED_SELECTOR = YES;
				GCC_WARN_UNINITIALIZED_AUTOS = YES_AGGRESSIVE;
				GCC_WARN_UNUSED_FUNCTION = YES;
				GCC_WARN_UNUSED_VARIABLE = YES;
				IPHONEOS_DEPLOYMENT_TARGET = 15.5;
				MTL_ENABLE_DEBUG_INFO = INCLUDE_SOURCE;
				MTL_FAST_MATH = YES;
				ONLY_ACTIVE_ARCH = YES;
				SDKROOT = iphoneos;
			};
			name = Debug;
		};
		48ACE4F22874A6D1000EA3B6 /* Release */ = {
			isa = XCBuildConfiguration;
			buildSettings = {
				ALWAYS_SEARCH_USER_PATHS = NO;
				ARCHS = arm64;
				CLANG_ANALYZER_NONNULL = YES;
				CLANG_ANALYZER_NUMBER_OBJECT_CONVERSION = YES_AGGRESSIVE;
				CLANG_CXX_LANGUAGE_STANDARD = "gnu++17";
				CLANG_ENABLE_MODULES = YES;
				CLANG_ENABLE_OBJC_ARC = YES;
				CLANG_ENABLE_OBJC_WEAK = YES;
				CLANG_WARN_BLOCK_CAPTURE_AUTORELEASING = YES;
				CLANG_WARN_BOOL_CONVERSION = YES;
				CLANG_WARN_COMMA = YES;
				CLANG_WARN_CONSTANT_CONVERSION = YES;
				CLANG_WARN_DEPRECATED_OBJC_IMPLEMENTATIONS = YES;
				CLANG_WARN_DIRECT_OBJC_ISA_USAGE = YES_ERROR;
				CLANG_WARN_DOCUMENTATION_COMMENTS = YES;
				CLANG_WARN_EMPTY_BODY = YES;
				CLANG_WARN_ENUM_CONVERSION = YES;
				CLANG_WARN_INFINITE_RECURSION = YES;
				CLANG_WARN_INT_CONVERSION = YES;
				CLANG_WARN_NON_LITERAL_NULL_CONVERSION = YES;
				CLANG_WARN_OBJC_IMPLICIT_RETAIN_SELF = YES;
				CLANG_WARN_OBJC_LITERAL_CONVERSION = YES;
				CLANG_WARN_OBJC_ROOT_CLASS = YES_ERROR;
				CLANG_WARN_QUOTED_INCLUDE_IN_FRAMEWORK_HEADER = YES;
				CLANG_WARN_RANGE_LOOP_ANALYSIS = YES;
				CLANG_WARN_STRICT_PROTOTYPES = YES;
				CLANG_WARN_SUSPICIOUS_MOVE = YES;
				CLANG_WARN_UNGUARDED_AVAILABILITY = YES_AGGRESSIVE;
				CLANG_WARN_UNREACHABLE_CODE = YES;
				CLANG_WARN__DUPLICATE_METHOD_MATCH = YES;
				COPY_PHASE_STRIP = NO;
				DEBUG_INFORMATION_FORMAT = "dwarf-with-dsym";
				ENABLE_NS_ASSERTIONS = NO;
				ENABLE_STRICT_OBJC_MSGSEND = YES;
				"EXCLUDED_ARCHS[sdk=iphonesimulator*]" = "";
				GCC_C_LANGUAGE_STANDARD = gnu11;
				GCC_NO_COMMON_BLOCKS = YES;
				GCC_WARN_64_TO_32_BIT_CONVERSION = YES;
				GCC_WARN_ABOUT_RETURN_TYPE = YES_ERROR;
				GCC_WARN_UNDECLARED_SELECTOR = YES;
				GCC_WARN_UNINITIALIZED_AUTOS = YES_AGGRESSIVE;
				GCC_WARN_UNUSED_FUNCTION = YES;
				GCC_WARN_UNUSED_VARIABLE = YES;
				IPHONEOS_DEPLOYMENT_TARGET = 15.5;
				MTL_ENABLE_DEBUG_INFO = NO;
				MTL_FAST_MATH = YES;
				ONLY_ACTIVE_ARCH = YES;
				SDKROOT = iphoneos;
				VALIDATE_PRODUCT = YES;
			};
			name = Release;
		};
		48ACE4F42874A6D1000EA3B6 /* Debug */ = {
			isa = XCBuildConfiguration;
			baseConfigurationReference = 99B5E1CB02914B3D8CC13FAD /* Pods-PickMeUp.debug.xcconfig */;
			buildSettings = {
				ARCHS = "$(ARCHS_STANDARD)";
				ASSETCATALOG_COMPILER_APPICON_NAME = AppIcon;
				ASSETCATALOG_COMPILER_GLOBAL_ACCENT_COLOR_NAME = AccentColor;
				CODE_SIGN_STYLE = Automatic;
				CURRENT_PROJECT_VERSION = 1;
				DEVELOPMENT_TEAM = SLG5K9YM57;
				EXCLUDED_ARCHS = "";
				GENERATE_INFOPLIST_FILE = YES;
				INFOPLIST_FILE = PickMeUp/Info.plist;
				INFOPLIST_KEY_NSCameraUsageDescription = "Need camera access to take pictures";
				INFOPLIST_KEY_NSLocationAlwaysUsageDescription = "Application wants to use your location";
				INFOPLIST_KEY_NSLocationWhenInUseUsageDescription = "Application wants to use your location";
				INFOPLIST_KEY_NSPhotoLibraryUsageDescription = "Need library access to upload images";
				INFOPLIST_KEY_UIApplicationSupportsIndirectInputEvents = YES;
				INFOPLIST_KEY_UILaunchStoryboardName = LaunchScreen;
				INFOPLIST_KEY_UIMainStoryboardFile = Main;
				INFOPLIST_KEY_UISupportedInterfaceOrientations_iPad = "UIInterfaceOrientationPortrait UIInterfaceOrientationPortraitUpsideDown UIInterfaceOrientationLandscapeLeft UIInterfaceOrientationLandscapeRight";
				INFOPLIST_KEY_UISupportedInterfaceOrientations_iPhone = "UIInterfaceOrientationPortrait UIInterfaceOrientationLandscapeLeft UIInterfaceOrientationLandscapeRight";
				LD_RUNPATH_SEARCH_PATHS = (
					"$(inherited)",
					"@executable_path/Frameworks",
				);
				MARKETING_VERSION = 1.0;
				ONLY_ACTIVE_ARCH = YES;
				PRODUCT_BUNDLE_IDENTIFIER = meta.PickMeUp;
				PRODUCT_NAME = "$(TARGET_NAME)";
				SWIFT_EMIT_LOC_STRINGS = YES;
				TARGETED_DEVICE_FAMILY = "1,2";
			};
			name = Debug;
		};
		48ACE4F52874A6D1000EA3B6 /* Release */ = {
			isa = XCBuildConfiguration;
			baseConfigurationReference = 91FB73F559218DF458F9390A /* Pods-PickMeUp.release.xcconfig */;
			buildSettings = {
				ARCHS = "$(ARCHS_STANDARD)";
				ASSETCATALOG_COMPILER_APPICON_NAME = AppIcon;
				ASSETCATALOG_COMPILER_GLOBAL_ACCENT_COLOR_NAME = AccentColor;
				CODE_SIGN_STYLE = Automatic;
				CURRENT_PROJECT_VERSION = 1;
				DEVELOPMENT_TEAM = SLG5K9YM57;
				EXCLUDED_ARCHS = "";
				GENERATE_INFOPLIST_FILE = YES;
				INFOPLIST_FILE = PickMeUp/Info.plist;
				INFOPLIST_KEY_NSCameraUsageDescription = "Need camera access to take pictures";
				INFOPLIST_KEY_NSLocationAlwaysUsageDescription = "Application wants to use your location";
				INFOPLIST_KEY_NSLocationWhenInUseUsageDescription = "Application wants to use your location";
				INFOPLIST_KEY_NSPhotoLibraryUsageDescription = "Need library access to upload images";
				INFOPLIST_KEY_UIApplicationSupportsIndirectInputEvents = YES;
				INFOPLIST_KEY_UILaunchStoryboardName = LaunchScreen;
				INFOPLIST_KEY_UIMainStoryboardFile = Main;
				INFOPLIST_KEY_UISupportedInterfaceOrientations_iPad = "UIInterfaceOrientationPortrait UIInterfaceOrientationPortraitUpsideDown UIInterfaceOrientationLandscapeLeft UIInterfaceOrientationLandscapeRight";
				INFOPLIST_KEY_UISupportedInterfaceOrientations_iPhone = "UIInterfaceOrientationPortrait UIInterfaceOrientationLandscapeLeft UIInterfaceOrientationLandscapeRight";
				LD_RUNPATH_SEARCH_PATHS = (
					"$(inherited)",
					"@executable_path/Frameworks",
				);
				MARKETING_VERSION = 1.0;
				ONLY_ACTIVE_ARCH = YES;
				PRODUCT_BUNDLE_IDENTIFIER = meta.PickMeUp;
				PRODUCT_NAME = "$(TARGET_NAME)";
				SWIFT_EMIT_LOC_STRINGS = YES;
				TARGETED_DEVICE_FAMILY = "1,2";
			};
			name = Release;
		};
		48ACE4F72874A6D1000EA3B6 /* Debug */ = {
			isa = XCBuildConfiguration;
			baseConfigurationReference = 2BA6570351DC1D9483337B83 /* Pods-PickMeUpTests.debug.xcconfig */;
			buildSettings = {
				BUNDLE_LOADER = "$(TEST_HOST)";
				CODE_SIGN_STYLE = Automatic;
				CURRENT_PROJECT_VERSION = 1;
				DEVELOPMENT_TEAM = SLG5K9YM57;
				GENERATE_INFOPLIST_FILE = YES;
				IPHONEOS_DEPLOYMENT_TARGET = 15.5;
				MARKETING_VERSION = 1.0;
				PRODUCT_BUNDLE_IDENTIFIER = meta.PickMeUpTests;
				PRODUCT_NAME = "$(TARGET_NAME)";
				SWIFT_EMIT_LOC_STRINGS = NO;
				TARGETED_DEVICE_FAMILY = "1,2";
				TEST_HOST = "$(BUILT_PRODUCTS_DIR)/PickMeUp.app/PickMeUp";
			};
			name = Debug;
		};
		48ACE4F82874A6D1000EA3B6 /* Release */ = {
			isa = XCBuildConfiguration;
			baseConfigurationReference = 22E4ED2B143D2657D97A8A51 /* Pods-PickMeUpTests.release.xcconfig */;
			buildSettings = {
				BUNDLE_LOADER = "$(TEST_HOST)";
				CODE_SIGN_STYLE = Automatic;
				CURRENT_PROJECT_VERSION = 1;
				DEVELOPMENT_TEAM = SLG5K9YM57;
				GENERATE_INFOPLIST_FILE = YES;
				IPHONEOS_DEPLOYMENT_TARGET = 15.5;
				MARKETING_VERSION = 1.0;
				PRODUCT_BUNDLE_IDENTIFIER = meta.PickMeUpTests;
				PRODUCT_NAME = "$(TARGET_NAME)";
				SWIFT_EMIT_LOC_STRINGS = NO;
				TARGETED_DEVICE_FAMILY = "1,2";
				TEST_HOST = "$(BUILT_PRODUCTS_DIR)/PickMeUp.app/PickMeUp";
			};
			name = Release;
		};
		48ACE4FA2874A6D1000EA3B6 /* Debug */ = {
			isa = XCBuildConfiguration;
			baseConfigurationReference = 56F76856AA2E9B6361153581 /* Pods-PickMeUp-PickMeUpUITests.debug.xcconfig */;
			buildSettings = {
				CODE_SIGN_STYLE = Automatic;
				CURRENT_PROJECT_VERSION = 1;
				DEVELOPMENT_TEAM = SLG5K9YM57;
				GENERATE_INFOPLIST_FILE = YES;
				MARKETING_VERSION = 1.0;
				PRODUCT_BUNDLE_IDENTIFIER = meta.PickMeUpUITests;
				PRODUCT_NAME = "$(TARGET_NAME)";
				SWIFT_EMIT_LOC_STRINGS = NO;
				TARGETED_DEVICE_FAMILY = "1,2";
				TEST_TARGET_NAME = PickMeUp;
			};
			name = Debug;
		};
		48ACE4FB2874A6D1000EA3B6 /* Release */ = {
			isa = XCBuildConfiguration;
			baseConfigurationReference = C455CC2AD5ACA71E9FC55983 /* Pods-PickMeUp-PickMeUpUITests.release.xcconfig */;
			buildSettings = {
				CODE_SIGN_STYLE = Automatic;
				CURRENT_PROJECT_VERSION = 1;
				DEVELOPMENT_TEAM = SLG5K9YM57;
				GENERATE_INFOPLIST_FILE = YES;
				MARKETING_VERSION = 1.0;
				PRODUCT_BUNDLE_IDENTIFIER = meta.PickMeUpUITests;
				PRODUCT_NAME = "$(TARGET_NAME)";
				SWIFT_EMIT_LOC_STRINGS = NO;
				TARGETED_DEVICE_FAMILY = "1,2";
				TEST_TARGET_NAME = PickMeUp;
			};
			name = Release;
		};
/* End XCBuildConfiguration section */

/* Begin XCConfigurationList section */
		48ACE4BF2874A6D0000EA3B6 /* Build configuration list for PBXProject "PickMeUp" */ = {
			isa = XCConfigurationList;
			buildConfigurations = (
				48ACE4F12874A6D1000EA3B6 /* Debug */,
				48ACE4F22874A6D1000EA3B6 /* Release */,
			);
			defaultConfigurationIsVisible = 0;
			defaultConfigurationName = Release;
		};
		48ACE4F32874A6D1000EA3B6 /* Build configuration list for PBXNativeTarget "PickMeUp" */ = {
			isa = XCConfigurationList;
			buildConfigurations = (
				48ACE4F42874A6D1000EA3B6 /* Debug */,
				48ACE4F52874A6D1000EA3B6 /* Release */,
			);
			defaultConfigurationIsVisible = 0;
			defaultConfigurationName = Release;
		};
		48ACE4F62874A6D1000EA3B6 /* Build configuration list for PBXNativeTarget "PickMeUpTests" */ = {
			isa = XCConfigurationList;
			buildConfigurations = (
				48ACE4F72874A6D1000EA3B6 /* Debug */,
				48ACE4F82874A6D1000EA3B6 /* Release */,
			);
			defaultConfigurationIsVisible = 0;
			defaultConfigurationName = Release;
		};
		48ACE4F92874A6D1000EA3B6 /* Build configuration list for PBXNativeTarget "PickMeUpUITests" */ = {
			isa = XCConfigurationList;
			buildConfigurations = (
				48ACE4FA2874A6D1000EA3B6 /* Debug */,
				48ACE4FB2874A6D1000EA3B6 /* Release */,
			);
			defaultConfigurationIsVisible = 0;
			defaultConfigurationName = Release;
		};
/* End XCConfigurationList section */
	};
	rootObject = 48ACE4BC2874A6D0000EA3B6 /* Project object */;
}
